
Microsoft Visual Studio Solution File, Format Version 12.00
# Visual Studio Version 17
VisualStudioVersion = 17.9.34902.65
MinimumVisualStudioVersion = 10.0.40219.1
Project("{9A19103F-16F7-4668-BE54-9A1E7A4F7556}") = "1PirmaUzduotis_SarasuManipuliacija", "1PirmaUzduotis_SarasuManipuliacija\1PirmaUzduotis_SarasuManipuliacija.csproj", "{FE22FB8A-EBE7-4F1B-9DF3-31C16CE6EDB9}"
EndProject
Project("{9A19103F-16F7-4668-BE54-9A1E7A4F7556}") = "2AntraUzduotis_StudentuSarasas", "2AntraUzduotis_StudentuSarasas\2AntraUzduotis_StudentuSarasas.csproj", "{745FBD83-678E-463A-BA90-01CAEB8416BF}"
EndProject
Project("{9A19103F-16F7-4668-BE54-9A1E7A4F7556}") = "3TreciaUzduotis_KartotiniuRadimas_Sarase", "3TreciaUzduotis_KartotiniuRadimas_Sarase\3TreciaUzduotis_KartotiniuRadimas_Sarase.csproj", "{F528DC8A-D012-4358-8A1E-1F692AF0F5A7}"
EndProject
Project("{9A19103F-16F7-4668-BE54-9A1E7A4F7556}") = "4KetvirtaUzduotis_StudentuAdministravimas", "4KetvirtaUzduotis_StudentuAdministravimas\4KetvirtaUzduotis_StudentuAdministravimas.csproj", "{9A231029-5A1E-4F0C-AE93-0DDB97A86159}"
EndProject
Project("{9A19103F-16F7-4668-BE54-9A1E7A4F7556}") = "5PenktaUzduotis_BibliotekosValdymoSistema", "5PenktaUzduotis_BibliotekosValdymoSistema\5PenktaUzduotis_BibliotekosValdymoSistema.csproj", "{190D6C51-821D-4F5A-8DBF-F268D4B811FD}"
EndProject
Project("{9A19103F-16F7-4668-BE54-9A1E7A4F7556}") = "6SestaUzduotis_RestoranoValdymoSistema", "6SestaUzduotis_RestoranoValdymoSistema\6SestaUzduotis_RestoranoValdymoSistema.csproj", "{5CE40EDD-AD8A-456E-82B5-D03354A1975A}"
EndProject
Global
	GlobalSection(SolutionConfigurationPlatforms) = preSolution
		Debug|Any CPU = Debug|Any CPU
		Release|Any CPU = Release|Any CPU
	EndGlobalSection
	GlobalSection(ProjectConfigurationPlatforms) = postSolution
		{FE22FB8A-EBE7-4F1B-9DF3-31C16CE6EDB9}.Debug|Any CPU.ActiveCfg = Debug|Any CPU
		{FE22FB8A-EBE7-4F1B-9DF3-31C16CE6EDB9}.Debug|Any CPU.Build.0 = Debug|Any CPU
		{FE22FB8A-EBE7-4F1B-9DF3-31C16CE6EDB9}.Release|Any CPU.ActiveCfg = Release|Any CPU
		{FE22FB8A-EBE7-4F1B-9DF3-31C16CE6EDB9}.Release|Any CPU.Build.0 = Release|Any CPU
		{745FBD83-678E-463A-BA90-01CAEB8416BF}.Debug|Any CPU.ActiveCfg = Debug|Any CPU
		{745FBD83-678E-463A-BA90-01CAEB8416BF}.Debug|Any CPU.Build.0 = Debug|Any CPU
		{745FBD83-678E-463A-BA90-01CAEB8416BF}.Release|Any CPU.ActiveCfg = Release|Any CPU
		{745FBD83-678E-463A-BA90-01CAEB8416BF}.Release|Any CPU.Build.0 = Release|Any CPU
		{F528DC8A-D012-4358-8A1E-1F692AF0F5A7}.Debug|Any CPU.ActiveCfg = Debug|Any CPU
		{F528DC8A-D012-4358-8A1E-1F692AF0F5A7}.Debug|Any CPU.Build.0 = Debug|Any CPU
		{F528DC8A-D012-4358-8A1E-1F692AF0F5A7}.Release|Any CPU.ActiveCfg = Release|Any CPU
		{F528DC8A-D012-4358-8A1E-1F692AF0F5A7}.Release|Any CPU.Build.0 = Release|Any CPU
		{9A231029-5A1E-4F0C-AE93-0DDB97A86159}.Debug|Any CPU.ActiveCfg = Debug|Any CPU
		{9A231029-5A1E-4F0C-AE93-0DDB97A86159}.Debug|Any CPU.Build.0 = Debug|Any CPU
		{9A231029-5A1E-4F0C-AE93-0DDB97A86159}.Release|Any CPU.ActiveCfg = Release|Any CPU
		{9A231029-5A1E-4F0C-AE93-0DDB97A86159}.Release|Any CPU.Build.0 = Release|Any CPU
		{190D6C51-821D-4F5A-8DBF-F268D4B811FD}.Debug|Any CPU.ActiveCfg = Debug|Any CPU
		{190D6C51-821D-4F5A-8DBF-F268D4B811FD}.Debug|Any CPU.Build.0 = Debug|Any CPU
		{190D6C51-821D-4F5A-8DBF-F268D4B811FD}.Release|Any CPU.ActiveCfg = Release|Any CPU
		{190D6C51-821D-4F5A-8DBF-F268D4B811FD}.Release|Any CPU.Build.0 = Release|Any CPU
		{5CE40EDD-AD8A-456E-82B5-D03354A1975A}.Debug|Any CPU.ActiveCfg = Debug|Any CPU
		{5CE40EDD-AD8A-456E-82B5-D03354A1975A}.Debug|Any CPU.Build.0 = Debug|Any CPU
		{5CE40EDD-AD8A-456E-82B5-D03354A1975A}.Release|Any CPU.ActiveCfg = Release|Any CPU
		{5CE40EDD-AD8A-456E-82B5-D03354A1975A}.Release|Any CPU.Build.0 = Release|Any CPU
	EndGlobalSection
	GlobalSection(SolutionProperties) = preSolution
		HideSolutionNode = FALSE
	EndGlobalSection
	GlobalSection(ExtensibilityGlobals) = postSolution
		SolutionGuid = {BEBEDE9A-20E2-408A-8781-2D96A2A3C5AA}
	EndGlobalSection
EndGlobal
